PODS:
  - AnimatedTextInput (0.5.5)
  - R.swift (7.3.2)

DEPENDENCIES:
  - AnimatedTextInput
  - R.swift

SPEC REPOS:
  trunk:
    - AnimatedTextInput
    - R.swift

SPEC CHECKSUMS:
  AnimatedTextInput: aadbdfa5a538a03cc9fbea700b43d2bb21a5d132
  R.swift: 0af0d882f49f03711415cb4e5215daa977d8a480

PODFILE CHECKSUM: 81c5d587733bf6680f172a0a66af300c6faa8850

COCOAPODS: 1.15.2
