PODS:
  - AnimatedTextInput (0.5.5)
  - R.swift (7.3.2)

DEPENDENCIES:
  - AnimatedTextInput
  - R.swift

SPEC REPOS:
  trunk:
    - AnimatedTextInput
    - R.swift

SPEC CHECKSUMS:
  AnimatedTextInput: aadbdfa5a538a03cc9fbea700b43d2bb21a5d132
  R.swift: 0af0d882f49f03711415cb4e5215daa977d8a480

PODFILE CHECKSUM: 8e10af6cabb9849f2886ac487e9b44ca80f21dc7

COCOAPODS: 1.16.2
