// !$*UTF8*$!
{
	archiveVersion = 1;
	classes = {
	};
	objectVersion = 55;
	objects = {

/* Begin PBXBuildFile section */
		8BD85B5CA425076F01AE938F /* Pods_Cyber_coffe.framework in Frameworks */ = {isa = PBXBuildFile; fileRef = 3EC866DDBB353926C1AA74BA /* Pods_Cyber_coffe.framework */; };
		F310CFA6274B70360052E481 /* UINavigationBar+Custom.swift in Sources */ = {isa = PBXBuildFile; fileRef = F310CFA5274B70360052E481 /* UINavigationBar+Custom.swift */; };
		F3158C482763437200136861 /* SaleGoodModel.swift in Sources */ = {isa = PBXBuildFile; fileRef = F3158C472763437200136861 /* SaleGoodModel.swift */; };
		F3158C4B2763443700136861 /* DatabaseManager.swift in Sources */ = {isa = PBXBuildFile; fileRef = F3158C4A2763443700136861 /* DatabaseManager.swift */; };
		F316A2F3273803CE0083E830 /* GoodListViewController.swift in Sources */ = {isa = PBXBuildFile; fileRef = F316A2F2273803CE0083E830 /* GoodListViewController.swift */; };
		F316A2F9273805150083E830 /* SalesTableViewCell.swift in Sources */ = {isa = PBXBuildFile; fileRef = F316A2F8273805150083E830 /* SalesTableViewCell.swift */; };
		F316A2FB273808100083E830 /* UIFont+Extension.swift in Sources */ = {isa = PBXBuildFile; fileRef = F316A2FA273808100083E830 /* UIFont+Extension.swift */; };
		F316A2FD27380A850083E830 /* UIStackView+Extension.swift in Sources */ = {isa = PBXBuildFile; fileRef = F316A2FC27380A850083E830 /* UIStackView+Extension.swift */; };
		F316A2FF2738FD710083E830 /* SaleDetailsViewController.swift in Sources */ = {isa = PBXBuildFile; fileRef = F316A2FE2738FD710083E830 /* SaleDetailsViewController.swift */; };
		F316A301273901410083E830 /* SaleTableViewCell.swift in Sources */ = {isa = PBXBuildFile; fileRef = F316A300273901410083E830 /* SaleTableViewCell.swift */; };
		F31FCA3C2768789B00124366 /* SalesModel.swift in Sources */ = {isa = PBXBuildFile; fileRef = F31FCA3B2768789B00124366 /* SalesModel.swift */; };
		F3264981275B32AA00836077 /* PurchasesTableViewCell.swift in Sources */ = {isa = PBXBuildFile; fileRef = F3264980275B32A900836077 /* PurchasesTableViewCell.swift */; };
		F3264983275B334300836077 /* PurchaseDetailsListViewController.swift in Sources */ = {isa = PBXBuildFile; fileRef = F3264982275B334300836077 /* PurchaseDetailsListViewController.swift */; };
		F3264985275B33C000836077 /* DeletePurchaseDetailsTableViewCell.swift in Sources */ = {isa = PBXBuildFile; fileRef = F3264984275B33C000836077 /* DeletePurchaseDetailsTableViewCell.swift */; };
		F328BA89274EB4DA00960829 /* SettingsStaticTableViewCell.swift in Sources */ = {isa = PBXBuildFile; fileRef = F328BA88274EB4DA00960829 /* SettingsStaticTableViewCell.swift */; };
		F328BA8B2750BB2900960829 /* SettingsSwitchTableViewCell.swift in Sources */ = {isa = PBXBuildFile; fileRef = F328BA8A2750BB2900960829 /* SettingsSwitchTableViewCell.swift */; };
		F32FDC7F275C862C0035767E /* UILabel+Extension.swift in Sources */ = {isa = PBXBuildFile; fileRef = F32FDC7E275C862C0035767E /* UILabel+Extension.swift */; };
		F32FDC81275C89910035767E /* UITextField+Extension.swift in Sources */ = {isa = PBXBuildFile; fileRef = F32FDC80275C89910035767E /* UITextField+Extension.swift */; };
		F371AA7827589CFB0059710A /* SettingsDataTableViewCell.swift in Sources */ = {isa = PBXBuildFile; fileRef = F371AA7727589CFB0059710A /* SettingsDataTableViewCell.swift */; };
		F371AA7B2758B0890059710A /* UIViewController+AlertLanguage.swift in Sources */ = {isa = PBXBuildFile; fileRef = F371AA7A2758B0890059710A /* UIViewController+AlertLanguage.swift */; };
		F3821C5F27E9FC13006D40FC /* SaleListViewModel.swift in Sources */ = {isa = PBXBuildFile; fileRef = F3821C5E27E9FC13006D40FC /* SaleListViewModel.swift */; };
		F3821C7A27EAEA8B006D40FC /* SaleListViewModelType.swift in Sources */ = {isa = PBXBuildFile; fileRef = F3821C7927EAEA8B006D40FC /* SaleListViewModelType.swift */; };
		F3821C7C27EAEB04006D40FC /* SaleDetailsViewModelType.swift in Sources */ = {isa = PBXBuildFile; fileRef = F3821C7B27EAEB04006D40FC /* SaleDetailsViewModelType.swift */; };
		F3821C7E27EAEB0F006D40FC /* SaleDetailsViewModel.swift in Sources */ = {isa = PBXBuildFile; fileRef = F3821C7D27EAEB0F006D40FC /* SaleDetailsViewModel.swift */; };
		F3821C8027EAEB80006D40FC /* SaleListItemViewModel.swift in Sources */ = {isa = PBXBuildFile; fileRef = F3821C7F27EAEB80006D40FC /* SaleListItemViewModel.swift */; };
		F3821C8227EAEB97006D40FC /* SaleListItemViewModelType.swift in Sources */ = {isa = PBXBuildFile; fileRef = F3821C8127EAEB97006D40FC /* SaleListItemViewModelType.swift */; };
		F3988ADC27EB111600215976 /* PurchaseListViewModelType.swift in Sources */ = {isa = PBXBuildFile; fileRef = F3988ADB27EB111600215976 /* PurchaseListViewModelType.swift */; };
		F3988ADE27EB11EB00215976 /* PurchaseListItemViewModelType.swift in Sources */ = {isa = PBXBuildFile; fileRef = F3988ADD27EB11EB00215976 /* PurchaseListItemViewModelType.swift */; };
		F3988AE027EB12E100215976 /* PurchaseDetailsViewModelType.swift in Sources */ = {isa = PBXBuildFile; fileRef = F3988ADF27EB12E100215976 /* PurchaseDetailsViewModelType.swift */; };
		F3988AED27EB19C300215976 /* PurchaseDetailsViewModel.swift in Sources */ = {isa = PBXBuildFile; fileRef = F3988AEC27EB19C300215976 /* PurchaseDetailsViewModel.swift */; };
		F3988AEF27EB2EC500215976 /* PurchaseListViewModel.swift in Sources */ = {isa = PBXBuildFile; fileRef = F3988AEE27EB2EC500215976 /* PurchaseListViewModel.swift */; };
		F3988AF127EB310900215976 /* PurchaseListItemViewModel.swift in Sources */ = {isa = PBXBuildFile; fileRef = F3988AF027EB310900215976 /* PurchaseListItemViewModel.swift */; };
		F39A52F527311FDD00C8F2D3 /* AppDelegate.swift in Sources */ = {isa = PBXBuildFile; fileRef = F39A52F427311FDD00C8F2D3 /* AppDelegate.swift */; };
		F39A52F727311FDD00C8F2D3 /* SceneDelegate.swift in Sources */ = {isa = PBXBuildFile; fileRef = F39A52F627311FDD00C8F2D3 /* SceneDelegate.swift */; };
		F39A52F927311FDD00C8F2D3 /* MainTabBarController.swift in Sources */ = {isa = PBXBuildFile; fileRef = F39A52F827311FDD00C8F2D3 /* MainTabBarController.swift */; };
		F39A52FE27311FDE00C8F2D3 /* Assets.xcassets in Resources */ = {isa = PBXBuildFile; fileRef = F39A52FD27311FDE00C8F2D3 /* Assets.xcassets */; };
		F39A530127311FDE00C8F2D3 /* LaunchScreen.storyboard in Resources */ = {isa = PBXBuildFile; fileRef = F39A52FF27311FDE00C8F2D3 /* LaunchScreen.storyboard */; };
		F39A53352732525900C8F2D3 /* SaleListViewController.swift in Sources */ = {isa = PBXBuildFile; fileRef = F39A53342732525900C8F2D3 /* SaleListViewController.swift */; };
		F39A5337273252A500C8F2D3 /* PurchaseListViewController.swift in Sources */ = {isa = PBXBuildFile; fileRef = F39A5336273252A500C8F2D3 /* PurchaseListViewController.swift */; };
		F39A5339273252B800C8F2D3 /* SettingListViewController.swift in Sources */ = {isa = PBXBuildFile; fileRef = F39A5338273252B800C8F2D3 /* SettingListViewController.swift */; };
		F3B7C24D2806D81300DF5C2B /* TypesListViewController.swift in Sources */ = {isa = PBXBuildFile; fileRef = F3B7C24C2806D81300DF5C2B /* TypesListViewController.swift */; };
		F3B7C2522806D8DA00DF5C2B /* TypeOfDonationModel.swift in Sources */ = {isa = PBXBuildFile; fileRef = F3B7C2512806D8DA00DF5C2B /* TypeOfDonationModel.swift */; };
		F3B7C2542806D9F600DF5C2B /* TypeTableViewCell.swift in Sources */ = {isa = PBXBuildFile; fileRef = F3B7C2532806D9F600DF5C2B /* TypeTableViewCell.swift */; };
		F3B7C2572806DCB000DF5C2B /* TypeDetailsViewController.swift in Sources */ = {isa = PBXBuildFile; fileRef = F3B7C2562806DCB000DF5C2B /* TypeDetailsViewController.swift */; };
		F3BBB1B22748D6C000744C3B /* UIColor+Extension.swift in Sources */ = {isa = PBXBuildFile; fileRef = F3BBB1B12748D6C000744C3B /* UIColor+Extension.swift */; };
		F3D862D7277C33C100DD43DB /* PurchaseModel.swift in Sources */ = {isa = PBXBuildFile; fileRef = F3D862D6277C33C100DD43DB /* PurchaseModel.swift */; };
		F3DD2197277AEF76001570D3 /* GoodsPriceModel.swift in Sources */ = {isa = PBXBuildFile; fileRef = F3DD2196277AEF76001570D3 /* GoodsPriceModel.swift */; };
		F3EAACFC27526241004B9AF6 /* LanguageViewController.swift in Sources */ = {isa = PBXBuildFile; fileRef = F3EAACFB27526241004B9AF6 /* LanguageViewController.swift */; };
		F3EAACFE27526383004B9AF6 /* GoodPriceTableViewCell.swift in Sources */ = {isa = PBXBuildFile; fileRef = F3EAACFD27526383004B9AF6 /* GoodPriceTableViewCell.swift */; };
		F3EAAD00275266EA004B9AF6 /* GoodDetailsViewController.swift in Sources */ = {isa = PBXBuildFile; fileRef = F3EAACFF275266EA004B9AF6 /* GoodDetailsViewController.swift */; };
		F3EB27D927F30EBE00BB2D93 /* SaleGoodListViewModelType.swift in Sources */ = {isa = PBXBuildFile; fileRef = F3EB27D827F30EBE00BB2D93 /* SaleGoodListViewModelType.swift */; };
		F3EB27DB27F30ED800BB2D93 /* SaleGoodListViewModel.swift in Sources */ = {isa = PBXBuildFile; fileRef = F3EB27DA27F30ED800BB2D93 /* SaleGoodListViewModel.swift */; };
		F3EB27DD27F30EF000BB2D93 /* SaleGoodListItemViewModelType.swift in Sources */ = {isa = PBXBuildFile; fileRef = F3EB27DC27F30EF000BB2D93 /* SaleGoodListItemViewModelType.swift */; };
		F3EB27DF27F30F0700BB2D93 /* SaleGoodListItemViewModel.swift in Sources */ = {isa = PBXBuildFile; fileRef = F3EB27DE27F30F0700BB2D93 /* SaleGoodListItemViewModel.swift */; };
/* End PBXBuildFile section */

/* Begin PBXFileReference section */
		3EC866DDBB353926C1AA74BA /* Pods_Cyber_coffe.framework */ = {isa = PBXFileReference; explicitFileType = wrapper.framework; includeInIndex = 0; path = Pods_Cyber_coffe.framework; sourceTree = BUILT_PRODUCTS_DIR; };
		A281B8E98C5C8A3B0D27296F /* Pods-Cyber-coffe.debug.xcconfig */ = {isa = PBXFileReference; includeInIndex = 1; lastKnownFileType = text.xcconfig; name = "Pods-Cyber-coffe.debug.xcconfig"; path = "Target Support Files/Pods-Cyber-coffe/Pods-Cyber-coffe.debug.xcconfig"; sourceTree = "<group>"; };
		B4BABE8604895540A6637FD9 /* Pods-Cyber-coffe.release.xcconfig */ = {isa = PBXFileReference; includeInIndex = 1; lastKnownFileType = text.xcconfig; name = "Pods-Cyber-coffe.release.xcconfig"; path = "Target Support Files/Pods-Cyber-coffe/Pods-Cyber-coffe.release.xcconfig"; sourceTree = "<group>"; };
		F310CFA5274B70360052E481 /* UINavigationBar+Custom.swift */ = {isa = PBXFileReference; lastKnownFileType = sourcecode.swift; path = "UINavigationBar+Custom.swift"; sourceTree = "<group>"; };
		F3158C472763437200136861 /* SaleGoodModel.swift */ = {isa = PBXFileReference; lastKnownFileType = sourcecode.swift; path = SaleGoodModel.swift; sourceTree = "<group>"; };
		F3158C4A2763443700136861 /* DatabaseManager.swift */ = {isa = PBXFileReference; lastKnownFileType = sourcecode.swift; path = DatabaseManager.swift; sourceTree = "<group>"; };
		F316A2F2273803CE0083E830 /* GoodListViewController.swift */ = {isa = PBXFileReference; lastKnownFileType = sourcecode.swift; path = GoodListViewController.swift; sourceTree = "<group>"; };
		F316A2F8273805150083E830 /* SalesTableViewCell.swift */ = {isa = PBXFileReference; fileEncoding = 4; lastKnownFileType = sourcecode.swift; path = SalesTableViewCell.swift; sourceTree = "<group>"; };
		F316A2FA273808100083E830 /* UIFont+Extension.swift */ = {isa = PBXFileReference; fileEncoding = 4; lastKnownFileType = sourcecode.swift; path = "UIFont+Extension.swift"; sourceTree = "<group>"; };
		F316A2FC27380A850083E830 /* UIStackView+Extension.swift */ = {isa = PBXFileReference; fileEncoding = 4; lastKnownFileType = sourcecode.swift; path = "UIStackView+Extension.swift"; sourceTree = "<group>"; };
		F316A2FE2738FD710083E830 /* SaleDetailsViewController.swift */ = {isa = PBXFileReference; lastKnownFileType = sourcecode.swift; path = SaleDetailsViewController.swift; sourceTree = "<group>"; };
		F316A300273901410083E830 /* SaleTableViewCell.swift */ = {isa = PBXFileReference; lastKnownFileType = sourcecode.swift; path = SaleTableViewCell.swift; sourceTree = "<group>"; };
		F31FCA3B2768789B00124366 /* SalesModel.swift */ = {isa = PBXFileReference; lastKnownFileType = sourcecode.swift; path = SalesModel.swift; sourceTree = "<group>"; };
		F3264980275B32A900836077 /* PurchasesTableViewCell.swift */ = {isa = PBXFileReference; lastKnownFileType = sourcecode.swift; path = PurchasesTableViewCell.swift; sourceTree = "<group>"; };
		F3264982275B334300836077 /* PurchaseDetailsListViewController.swift */ = {isa = PBXFileReference; lastKnownFileType = sourcecode.swift; path = PurchaseDetailsListViewController.swift; sourceTree = "<group>"; };
		F3264984275B33C000836077 /* DeletePurchaseDetailsTableViewCell.swift */ = {isa = PBXFileReference; lastKnownFileType = sourcecode.swift; path = DeletePurchaseDetailsTableViewCell.swift; sourceTree = "<group>"; };
		F328BA88274EB4DA00960829 /* SettingsStaticTableViewCell.swift */ = {isa = PBXFileReference; lastKnownFileType = sourcecode.swift; path = SettingsStaticTableViewCell.swift; sourceTree = "<group>"; };
		F328BA8A2750BB2900960829 /* SettingsSwitchTableViewCell.swift */ = {isa = PBXFileReference; lastKnownFileType = sourcecode.swift; path = SettingsSwitchTableViewCell.swift; sourceTree = "<group>"; };
		F32FDC7E275C862C0035767E /* UILabel+Extension.swift */ = {isa = PBXFileReference; lastKnownFileType = sourcecode.swift; path = "UILabel+Extension.swift"; sourceTree = "<group>"; };
		F32FDC80275C89910035767E /* UITextField+Extension.swift */ = {isa = PBXFileReference; lastKnownFileType = sourcecode.swift; path = "UITextField+Extension.swift"; sourceTree = "<group>"; };
		F371AA7727589CFB0059710A /* SettingsDataTableViewCell.swift */ = {isa = PBXFileReference; lastKnownFileType = sourcecode.swift; path = SettingsDataTableViewCell.swift; sourceTree = "<group>"; };
		F371AA7A2758B0890059710A /* UIViewController+AlertLanguage.swift */ = {isa = PBXFileReference; lastKnownFileType = sourcecode.swift; path = "UIViewController+AlertLanguage.swift"; sourceTree = "<group>"; };
		F3821C5E27E9FC13006D40FC /* SaleListViewModel.swift */ = {isa = PBXFileReference; lastKnownFileType = sourcecode.swift; path = SaleListViewModel.swift; sourceTree = "<group>"; };
		F3821C7927EAEA8B006D40FC /* SaleListViewModelType.swift */ = {isa = PBXFileReference; lastKnownFileType = sourcecode.swift; path = SaleListViewModelType.swift; sourceTree = "<group>"; };
		F3821C7B27EAEB04006D40FC /* SaleDetailsViewModelType.swift */ = {isa = PBXFileReference; lastKnownFileType = sourcecode.swift; path = SaleDetailsViewModelType.swift; sourceTree = "<group>"; };
		F3821C7D27EAEB0F006D40FC /* SaleDetailsViewModel.swift */ = {isa = PBXFileReference; lastKnownFileType = sourcecode.swift; path = SaleDetailsViewModel.swift; sourceTree = "<group>"; };
		F3821C7F27EAEB80006D40FC /* SaleListItemViewModel.swift */ = {isa = PBXFileReference; lastKnownFileType = sourcecode.swift; path = SaleListItemViewModel.swift; sourceTree = "<group>"; };
		F3821C8127EAEB97006D40FC /* SaleListItemViewModelType.swift */ = {isa = PBXFileReference; lastKnownFileType = sourcecode.swift; path = SaleListItemViewModelType.swift; sourceTree = "<group>"; };
		F3988ADB27EB111600215976 /* PurchaseListViewModelType.swift */ = {isa = PBXFileReference; lastKnownFileType = sourcecode.swift; path = PurchaseListViewModelType.swift; sourceTree = "<group>"; };
		F3988ADD27EB11EB00215976 /* PurchaseListItemViewModelType.swift */ = {isa = PBXFileReference; lastKnownFileType = sourcecode.swift; path = PurchaseListItemViewModelType.swift; sourceTree = "<group>"; };
		F3988ADF27EB12E100215976 /* PurchaseDetailsViewModelType.swift */ = {isa = PBXFileReference; lastKnownFileType = sourcecode.swift; path = PurchaseDetailsViewModelType.swift; sourceTree = "<group>"; };
		F3988AEC27EB19C300215976 /* PurchaseDetailsViewModel.swift */ = {isa = PBXFileReference; lastKnownFileType = sourcecode.swift; path = PurchaseDetailsViewModel.swift; sourceTree = "<group>"; };
		F3988AEE27EB2EC500215976 /* PurchaseListViewModel.swift */ = {isa = PBXFileReference; lastKnownFileType = sourcecode.swift; path = PurchaseListViewModel.swift; sourceTree = "<group>"; };
		F3988AF027EB310900215976 /* PurchaseListItemViewModel.swift */ = {isa = PBXFileReference; lastKnownFileType = sourcecode.swift; path = PurchaseListItemViewModel.swift; sourceTree = "<group>"; };
		F39A52F127311FDD00C8F2D3 /* Cyber-coffe.app */ = {isa = PBXFileReference; explicitFileType = wrapper.application; includeInIndex = 0; path = "Cyber-coffe.app"; sourceTree = BUILT_PRODUCTS_DIR; };
		F39A52F427311FDD00C8F2D3 /* AppDelegate.swift */ = {isa = PBXFileReference; lastKnownFileType = sourcecode.swift; path = AppDelegate.swift; sourceTree = "<group>"; };
		F39A52F627311FDD00C8F2D3 /* SceneDelegate.swift */ = {isa = PBXFileReference; lastKnownFileType = sourcecode.swift; path = SceneDelegate.swift; sourceTree = "<group>"; };
		F39A52F827311FDD00C8F2D3 /* MainTabBarController.swift */ = {isa = PBXFileReference; lastKnownFileType = sourcecode.swift; path = MainTabBarController.swift; sourceTree = "<group>"; };
		F39A52FD27311FDE00C8F2D3 /* Assets.xcassets */ = {isa = PBXFileReference; lastKnownFileType = folder.assetcatalog; path = Assets.xcassets; sourceTree = "<group>"; };
		F39A530027311FDE00C8F2D3 /* Base */ = {isa = PBXFileReference; lastKnownFileType = file.storyboard; name = Base; path = Base.lproj/LaunchScreen.storyboard; sourceTree = "<group>"; };
		F39A530227311FDE00C8F2D3 /* Info.plist */ = {isa = PBXFileReference; lastKnownFileType = text.plist.xml; path = Info.plist; sourceTree = "<group>"; };
		F39A53342732525900C8F2D3 /* SaleListViewController.swift */ = {isa = PBXFileReference; lastKnownFileType = sourcecode.swift; path = SaleListViewController.swift; sourceTree = "<group>"; };
		F39A5336273252A500C8F2D3 /* PurchaseListViewController.swift */ = {isa = PBXFileReference; lastKnownFileType = sourcecode.swift; path = PurchaseListViewController.swift; sourceTree = "<group>"; };
		F39A5338273252B800C8F2D3 /* SettingListViewController.swift */ = {isa = PBXFileReference; lastKnownFileType = sourcecode.swift; path = SettingListViewController.swift; sourceTree = "<group>"; };
		F3B7C24C2806D81300DF5C2B /* TypesListViewController.swift */ = {isa = PBXFileReference; lastKnownFileType = sourcecode.swift; path = TypesListViewController.swift; sourceTree = "<group>"; };
		F3B7C2512806D8DA00DF5C2B /* TypeOfDonationModel.swift */ = {isa = PBXFileReference; lastKnownFileType = sourcecode.swift; path = TypeOfDonationModel.swift; sourceTree = "<group>"; };
		F3B7C2532806D9F600DF5C2B /* TypeTableViewCell.swift */ = {isa = PBXFileReference; lastKnownFileType = sourcecode.swift; path = TypeTableViewCell.swift; sourceTree = "<group>"; };
		F3B7C2562806DCB000DF5C2B /* TypeDetailsViewController.swift */ = {isa = PBXFileReference; lastKnownFileType = sourcecode.swift; path = TypeDetailsViewController.swift; sourceTree = "<group>"; };
		F3BBB1B12748D6C000744C3B /* UIColor+Extension.swift */ = {isa = PBXFileReference; lastKnownFileType = sourcecode.swift; path = "UIColor+Extension.swift"; sourceTree = "<group>"; };
		F3D862D6277C33C100DD43DB /* PurchaseModel.swift */ = {isa = PBXFileReference; lastKnownFileType = sourcecode.swift; path = PurchaseModel.swift; sourceTree = "<group>"; };
		F3DD2196277AEF76001570D3 /* GoodsPriceModel.swift */ = {isa = PBXFileReference; lastKnownFileType = sourcecode.swift; path = GoodsPriceModel.swift; sourceTree = "<group>"; };
		F3EAACFB27526241004B9AF6 /* LanguageViewController.swift */ = {isa = PBXFileReference; lastKnownFileType = sourcecode.swift; path = LanguageViewController.swift; sourceTree = "<group>"; };
		F3EAACFD27526383004B9AF6 /* GoodPriceTableViewCell.swift */ = {isa = PBXFileReference; lastKnownFileType = sourcecode.swift; path = GoodPriceTableViewCell.swift; sourceTree = "<group>"; };
		F3EAACFF275266EA004B9AF6 /* GoodDetailsViewController.swift */ = {isa = PBXFileReference; lastKnownFileType = sourcecode.swift; path = GoodDetailsViewController.swift; sourceTree = "<group>"; };
		F3EB27D827F30EBE00BB2D93 /* SaleGoodListViewModelType.swift */ = {isa = PBXFileReference; lastKnownFileType = sourcecode.swift; path = SaleGoodListViewModelType.swift; sourceTree = "<group>"; };
		F3EB27DA27F30ED800BB2D93 /* SaleGoodListViewModel.swift */ = {isa = PBXFileReference; lastKnownFileType = sourcecode.swift; path = SaleGoodListViewModel.swift; sourceTree = "<group>"; };
		F3EB27DC27F30EF000BB2D93 /* SaleGoodListItemViewModelType.swift */ = {isa = PBXFileReference; lastKnownFileType = sourcecode.swift; path = SaleGoodListItemViewModelType.swift; sourceTree = "<group>"; };
		F3EB27DE27F30F0700BB2D93 /* SaleGoodListItemViewModel.swift */ = {isa = PBXFileReference; lastKnownFileType = sourcecode.swift; path = SaleGoodListItemViewModel.swift; sourceTree = "<group>"; };
/* End PBXFileReference section */

/* Begin PBXFrameworksBuildPhase section */
		F39A52EE27311FDD00C8F2D3 /* Frameworks */ = {
			isa = PBXFrameworksBuildPhase;
			buildActionMask = 2147483647;
			files = (
				8BD85B5CA425076F01AE938F /* Pods_Cyber_coffe.framework in Frameworks */,
			);
			runOnlyForDeploymentPostprocessing = 0;
		};
/* End PBXFrameworksBuildPhase section */

/* Begin PBXGroup section */
		45CFF4E4688CA7F160236776 /* Pods */ = {
			isa = PBXGroup;
			children = (
				A281B8E98C5C8A3B0D27296F /* Pods-Cyber-coffe.debug.xcconfig */,
				B4BABE8604895540A6637FD9 /* Pods-Cyber-coffe.release.xcconfig */,
			);
			path = Pods;
			sourceTree = "<group>";
		};
		D560DBCFF535D2E872166525 /* Frameworks */ = {
			isa = PBXGroup;
			children = (
				3EC866DDBB353926C1AA74BA /* Pods_Cyber_coffe.framework */,
			);
			name = Frameworks;
			sourceTree = "<group>";
		};
		F3158C462763435000136861 /* Realm */ = {
			isa = PBXGroup;
			children = (
				F3158C472763437200136861 /* SaleGoodModel.swift */,
				F31FCA3B2768789B00124366 /* SalesModel.swift */,
				F3DD2196277AEF76001570D3 /* GoodsPriceModel.swift */,
				F3B7C2512806D8DA00DF5C2B /* TypeOfDonationModel.swift */,
				F3D862D6277C33C100DD43DB /* PurchaseModel.swift */,
			);
			path = Realm;
			sourceTree = "<group>";
		};
		F3158C492763442300136861 /* Services */ = {
			isa = PBXGroup;
			children = (
				F3158C4A2763443700136861 /* DatabaseManager.swift */,
			);
			path = Services;
			sourceTree = "<group>";
		};
		F316A2F4273804270083E830 /* Model */ = {
			isa = PBXGroup;
			children = (
				F3158C462763435000136861 /* Realm */,
			);
			path = Model;
			sourceTree = "<group>";
		};
		F316A2F62738048F0083E830 /* Extensions */ = {
			isa = PBXGroup;
			children = (
				F316A2F7273804AB0083E830 /* UIKit */,
			);
			path = Extensions;
			sourceTree = "<group>";
		};
		F316A2F7273804AB0083E830 /* UIKit */ = {
			isa = PBXGroup;
			children = (
				F371AA7A2758B0890059710A /* UIViewController+AlertLanguage.swift */,
				F316A2FC27380A850083E830 /* UIStackView+Extension.swift */,
				F32FDC80275C89910035767E /* UITextField+Extension.swift */,
				F32FDC7E275C862C0035767E /* UILabel+Extension.swift */,
				F316A2FA273808100083E830 /* UIFont+Extension.swift */,
				F3BBB1B12748D6C000744C3B /* UIColor+Extension.swift */,
				F310CFA5274B70360052E481 /* UINavigationBar+Custom.swift */,
			);
			path = UIKit;
			sourceTree = "<group>";
		};
		F3821C5927E9FA72006D40FC /* SaleList */ = {
			isa = PBXGroup;
			children = (
				F3821C5B27E9FAB1006D40FC /* View */,
				F3821C5D27E9FBD8006D40FC /* ViewModel */,
			);
			path = SaleList;
			sourceTree = "<group>";
		};
		F3821C5A27E9FA8B006D40FC /* SaleDetails */ = {
			isa = PBXGroup;
			children = (
				F3821C6027E9FC21006D40FC /* View */,
				F3821C6127E9FC3F006D40FC /* ViewModel */,
			);
			path = SaleDetails;
			sourceTree = "<group>";
		};
		F3821C5B27E9FAB1006D40FC /* View */ = {
			isa = PBXGroup;
			children = (
				F3821C5C27E9FB91006D40FC /* Cells */,
				F39A53342732525900C8F2D3 /* SaleListViewController.swift */,
			);
			path = View;
			sourceTree = "<group>";
		};
		F3821C5C27E9FB91006D40FC /* Cells */ = {
			isa = PBXGroup;
			children = (
				F316A2F8273805150083E830 /* SalesTableViewCell.swift */,
			);
			path = Cells;
			sourceTree = "<group>";
		};
		F3821C5D27E9FBD8006D40FC /* ViewModel */ = {
			isa = PBXGroup;
			children = (
				F3821C5E27E9FC13006D40FC /* SaleListViewModel.swift */,
				F3821C7927EAEA8B006D40FC /* SaleListViewModelType.swift */,
				F3821C7F27EAEB80006D40FC /* SaleListItemViewModel.swift */,
				F3821C8127EAEB97006D40FC /* SaleListItemViewModelType.swift */,
			);
			path = ViewModel;
			sourceTree = "<group>";
		};
		F3821C6027E9FC21006D40FC /* View */ = {
			isa = PBXGroup;
			children = (
				F3821C6227E9FC62006D40FC /* Cells */,
				F316A2FE2738FD710083E830 /* SaleDetailsViewController.swift */,
			);
			path = View;
			sourceTree = "<group>";
		};
		F3821C6127E9FC3F006D40FC /* ViewModel */ = {
			isa = PBXGroup;
			children = (
				F3821C7B27EAEB04006D40FC /* SaleDetailsViewModelType.swift */,
				F3821C7D27EAEB0F006D40FC /* SaleDetailsViewModel.swift */,
				F3EB27E027F30FAD00BB2D93 /* SaleGood */,
			);
			path = ViewModel;
			sourceTree = "<group>";
		};
		F3821C6227E9FC62006D40FC /* Cells */ = {
			isa = PBXGroup;
			children = (
				F316A300273901410083E830 /* SaleTableViewCell.swift */,
			);
			path = Cells;
			sourceTree = "<group>";
		};
		F3821C6327E9FD16006D40FC /* PurchaseList */ = {
			isa = PBXGroup;
			children = (
				F3821C6527E9FD90006D40FC /* View */,
				F3821C6727E9FDA0006D40FC /* ViewModel */,
			);
			path = PurchaseList;
			sourceTree = "<group>";
		};
		F3821C6427E9FD26006D40FC /* PurchaseDetails */ = {
			isa = PBXGroup;
			children = (
				F3821C6627E9FD98006D40FC /* View */,
				F3821C6827E9FDAD006D40FC /* ViewModel */,
			);
			path = PurchaseDetails;
			sourceTree = "<group>";
		};
		F3821C6527E9FD90006D40FC /* View */ = {
			isa = PBXGroup;
			children = (
				F3821C6927E9FDE4006D40FC /* Cells */,
				F39A5336273252A500C8F2D3 /* PurchaseListViewController.swift */,
			);
			path = View;
			sourceTree = "<group>";
		};
		F3821C6627E9FD98006D40FC /* View */ = {
			isa = PBXGroup;
			children = (
				F3821C6A27E9FE39006D40FC /* Cells */,
				F3264982275B334300836077 /* PurchaseDetailsListViewController.swift */,
			);
			path = View;
			sourceTree = "<group>";
		};
		F3821C6727E9FDA0006D40FC /* ViewModel */ = {
			isa = PBXGroup;
			children = (
				F3988ADB27EB111600215976 /* PurchaseListViewModelType.swift */,
				F3988AEE27EB2EC500215976 /* PurchaseListViewModel.swift */,
				F3988ADD27EB11EB00215976 /* PurchaseListItemViewModelType.swift */,
				F3988AF027EB310900215976 /* PurchaseListItemViewModel.swift */,
			);
			path = ViewModel;
			sourceTree = "<group>";
		};
		F3821C6827E9FDAD006D40FC /* ViewModel */ = {
			isa = PBXGroup;
			children = (
				F3988ADF27EB12E100215976 /* PurchaseDetailsViewModelType.swift */,
				F3988AEC27EB19C300215976 /* PurchaseDetailsViewModel.swift */,
			);
			path = ViewModel;
			sourceTree = "<group>";
		};
		F3821C6927E9FDE4006D40FC /* Cells */ = {
			isa = PBXGroup;
			children = (
				F3264980275B32A900836077 /* PurchasesTableViewCell.swift */,
			);
			path = Cells;
			sourceTree = "<group>";
		};
		F3821C6A27E9FE39006D40FC /* Cells */ = {
			isa = PBXGroup;
			children = (
				F3264984275B33C000836077 /* DeletePurchaseDetailsTableViewCell.swift */,
			);
			path = Cells;
			sourceTree = "<group>";
		};
		F3821C6B27E9FE95006D40FC /* SettingList */ = {
			isa = PBXGroup;
			children = (
				F3821C6C27E9FEAB006D40FC /* View */,
				F3821C6D27E9FEB7006D40FC /* ViewModel */,
			);
			path = SettingList;
			sourceTree = "<group>";
		};
		F3821C6C27E9FEAB006D40FC /* View */ = {
			isa = PBXGroup;
			children = (
				F3821C7827EA0187006D40FC /* Cells */,
				F39A5338273252B800C8F2D3 /* SettingListViewController.swift */,
			);
			path = View;
			sourceTree = "<group>";
		};
		F3821C6D27E9FEB7006D40FC /* ViewModel */ = {
			isa = PBXGroup;
			children = (
			);
			path = ViewModel;
			sourceTree = "<group>";
		};
		F3821C6E27E9FF13006D40FC /* SettingLanguage */ = {
			isa = PBXGroup;
			children = (
				F3821C7727EA00F5006D40FC /* View */,
			);
			path = SettingLanguage;
			sourceTree = "<group>";
		};
		F3821C6F27E9FF29006D40FC /* SettingGoods */ = {
			isa = PBXGroup;
			children = (
				F3821C7027E9FF5D006D40FC /* GoodList */,
				F3821C7327E9FFCC006D40FC /* GoodDetail */,
			);
			path = SettingGoods;
			sourceTree = "<group>";
		};
		F3821C7027E9FF5D006D40FC /* GoodList */ = {
			isa = PBXGroup;
			children = (
				F3821C7127E9FF6A006D40FC /* View */,
				F3821C7227E9FF73006D40FC /* ViewModel */,
			);
			path = GoodList;
			sourceTree = "<group>";
		};
		F3821C7127E9FF6A006D40FC /* View */ = {
			isa = PBXGroup;
			children = (
				F3821C7627EA00BB006D40FC /* Cells */,
				F316A2F2273803CE0083E830 /* GoodListViewController.swift */,
			);
			path = View;
			sourceTree = "<group>";
		};
		F3821C7227E9FF73006D40FC /* ViewModel */ = {
			isa = PBXGroup;
			children = (
			);
			path = ViewModel;
			sourceTree = "<group>";
		};
		F3821C7327E9FFCC006D40FC /* GoodDetail */ = {
			isa = PBXGroup;
			children = (
				F3821C7427E9FFD9006D40FC /* View */,
				F3821C7527E9FFE0006D40FC /* ViewModel */,
			);
			path = GoodDetail;
			sourceTree = "<group>";
		};
		F3821C7427E9FFD9006D40FC /* View */ = {
			isa = PBXGroup;
			children = (
				F3EAACFF275266EA004B9AF6 /* GoodDetailsViewController.swift */,
			);
			path = View;
			sourceTree = "<group>";
		};
		F3821C7527E9FFE0006D40FC /* ViewModel */ = {
			isa = PBXGroup;
			children = (
			);
			path = ViewModel;
			sourceTree = "<group>";
		};
		F3821C7627EA00BB006D40FC /* Cells */ = {
			isa = PBXGroup;
			children = (
				F3EAACFD27526383004B9AF6 /* GoodPriceTableViewCell.swift */,
			);
			path = Cells;
			sourceTree = "<group>";
		};
		F3821C7727EA00F5006D40FC /* View */ = {
			isa = PBXGroup;
			children = (
				F3EAACFB27526241004B9AF6 /* LanguageViewController.swift */,
			);
			path = View;
			sourceTree = "<group>";
		};
		F3821C7827EA0187006D40FC /* Cells */ = {
			isa = PBXGroup;
			children = (
				F328BA88274EB4DA00960829 /* SettingsStaticTableViewCell.swift */,
				F328BA8A2750BB2900960829 /* SettingsSwitchTableViewCell.swift */,
				F371AA7727589CFB0059710A /* SettingsDataTableViewCell.swift */,
			);
			path = Cells;
			sourceTree = "<group>";
		};
		F39A52E827311FDD00C8F2D3 = {
			isa = PBXGroup;
			children = (
				F39A52F327311FDD00C8F2D3 /* Cyber-coffe */,
				F39A52F227311FDD00C8F2D3 /* Products */,
				45CFF4E4688CA7F160236776 /* Pods */,
				D560DBCFF535D2E872166525 /* Frameworks */,
			);
			sourceTree = "<group>";
		};
		F39A52F227311FDD00C8F2D3 /* Products */ = {
			isa = PBXGroup;
			children = (
				F39A52F127311FDD00C8F2D3 /* Cyber-coffe.app */,
			);
			name = Products;
			sourceTree = "<group>";
		};
		F39A52F327311FDD00C8F2D3 /* Cyber-coffe */ = {
			isa = PBXGroup;
			children = (
				F39A5331273250C300C8F2D3 /* Application */,
				F39A5332273251AE00C8F2D3 /* Presentation */,
				F316A2F4273804270083E830 /* Model */,
				F3158C492763442300136861 /* Services */,
				F316A2F62738048F0083E830 /* Extensions */,
				F39A5333273251BF00C8F2D3 /* Resources */,
			);
			path = "Cyber-coffe";
			sourceTree = "<group>";
		};
		F39A5331273250C300C8F2D3 /* Application */ = {
			isa = PBXGroup;
			children = (
				F39A52F427311FDD00C8F2D3 /* AppDelegate.swift */,
				F39A52F627311FDD00C8F2D3 /* SceneDelegate.swift */,
			);
			path = Application;
			sourceTree = "<group>";
		};
		F39A5332273251AE00C8F2D3 /* Presentation */ = {
			isa = PBXGroup;
			children = (
				F39A52F827311FDD00C8F2D3 /* MainTabBarController.swift */,
				F39C802E2757727E00674CF4 /* Sales */,
				F39C802F2757729F00674CF4 /* Purchases */,
				F39C8030275772BD00674CF4 /* Settings */,
			);
			path = Presentation;
			sourceTree = "<group>";
		};
		F39A5333273251BF00C8F2D3 /* Resources */ = {
			isa = PBXGroup;
			children = (
				F39A52FD27311FDE00C8F2D3 /* Assets.xcassets */,
				F39A52FF27311FDE00C8F2D3 /* LaunchScreen.storyboard */,
				F39A530227311FDE00C8F2D3 /* Info.plist */,
			);
			path = Resources;
			sourceTree = "<group>";
		};
		F39C802E2757727E00674CF4 /* Sales */ = {
			isa = PBXGroup;
			children = (
				F3821C5927E9FA72006D40FC /* SaleList */,
				F3821C5A27E9FA8B006D40FC /* SaleDetails */,
			);
			path = Sales;
			sourceTree = "<group>";
		};
		F39C802F2757729F00674CF4 /* Purchases */ = {
			isa = PBXGroup;
			children = (
				F3821C6327E9FD16006D40FC /* PurchaseList */,
				F3821C6427E9FD26006D40FC /* PurchaseDetails */,
			);
			path = Purchases;
			sourceTree = "<group>";
		};
		F39C8030275772BD00674CF4 /* Settings */ = {
			isa = PBXGroup;
			children = (
				F3821C6B27E9FE95006D40FC /* SettingList */,
				F3821C6F27E9FF29006D40FC /* SettingGoods */,
				F3821C6E27E9FF13006D40FC /* SettingLanguage */,
				F3B7C2502806D85800DF5C2B /* SettingsTypes */,
			);
			path = Settings;
			sourceTree = "<group>";
		};
		F3B7C24E2806D83000DF5C2B /* View */ = {
			isa = PBXGroup;
			children = (
				F3B7C2552806D9FB00DF5C2B /* Cell */,
				F3B7C24C2806D81300DF5C2B /* TypesListViewController.swift */,
			);
			path = View;
			sourceTree = "<group>";
		};
		F3B7C24F2806D84400DF5C2B /* TypesList */ = {
			isa = PBXGroup;
			children = (
				F3B7C24E2806D83000DF5C2B /* View */,
			);
			path = TypesList;
			sourceTree = "<group>";
		};
		F3B7C2502806D85800DF5C2B /* SettingsTypes */ = {
			isa = PBXGroup;
			children = (
				F3B7C24F2806D84400DF5C2B /* TypesList */,
				F3B7C2582806DCC300DF5C2B /* TypeDetail */,
			);
			path = SettingsTypes;
			sourceTree = "<group>";
		};
		F3B7C2552806D9FB00DF5C2B /* Cell */ = {
			isa = PBXGroup;
			children = (
				F3B7C2532806D9F600DF5C2B /* TypeTableViewCell.swift */,
			);
			path = Cell;
			sourceTree = "<group>";
		};
		F3B7C2582806DCC300DF5C2B /* TypeDetail */ = {
			isa = PBXGroup;
			children = (
				F3B7C2592806DCD200DF5C2B /* View */,
			);
			path = TypeDetail;
			sourceTree = "<group>";
		};
		F3B7C2592806DCD200DF5C2B /* View */ = {
			isa = PBXGroup;
			children = (
				F3B7C2562806DCB000DF5C2B /* TypeDetailsViewController.swift */,
			);
			path = View;
			sourceTree = "<group>";
		};
		F3EB27E027F30FAD00BB2D93 /* SaleGood */ = {
			isa = PBXGroup;
			children = (
				F3EB27D827F30EBE00BB2D93 /* SaleGoodListViewModelType.swift */,
				F3EB27DA27F30ED800BB2D93 /* SaleGoodListViewModel.swift */,
				F3EB27DC27F30EF000BB2D93 /* SaleGoodListItemViewModelType.swift */,
				F3EB27DE27F30F0700BB2D93 /* SaleGoodListItemViewModel.swift */,
			);
			path = SaleGood;
			sourceTree = "<group>";
		};
/* End PBXGroup section */

/* Begin PBXNativeTarget section */
		F39A52F027311FDD00C8F2D3 /* Cyber-coffe */ = {
			isa = PBXNativeTarget;
			buildConfigurationList = F39A530527311FDE00C8F2D3 /* Build configuration list for PBXNativeTarget "Cyber-coffe" */;
			buildPhases = (
				F3821C5827E9E3CD006D40FC /* ShellScript */,
				58E27973D85692D59BCB320A /* [CP] Check Pods Manifest.lock */,
				F39A52ED27311FDD00C8F2D3 /* Sources */,
				F39A52EE27311FDD00C8F2D3 /* Frameworks */,
				F39A52EF27311FDD00C8F2D3 /* Resources */,
				408548C270AA9A1CBEC0CAE0 /* [CP] Embed Pods Frameworks */,
			);
			buildRules = (
			);
			dependencies = (
			);
			name = "Cyber-coffe";
			productName = "Cyber-coffe";
			productReference = F39A52F127311FDD00C8F2D3 /* Cyber-coffe.app */;
			productType = "com.apple.product-type.application";
		};
/* End PBXNativeTarget section */

/* Begin PBXProject section */
		F39A52E927311FDD00C8F2D3 /* Project object */ = {
			isa = PBXProject;
			attributes = {
				BuildIndependentTargetsInParallel = 1;
				LastSwiftUpdateCheck = 1310;
				LastUpgradeCheck = 1310;
				TargetAttributes = {
					F39A52F027311FDD00C8F2D3 = {
						CreatedOnToolsVersion = 13.1;
					};
				};
			};
			buildConfigurationList = F39A52EC27311FDD00C8F2D3 /* Build configuration list for PBXProject "Cyber-coffe" */;
			compatibilityVersion = "Xcode 13.0";
			developmentRegion = en;
			hasScannedForEncodings = 0;
			knownRegions = (
				en,
				Base,
			);
			mainGroup = F39A52E827311FDD00C8F2D3;
			productRefGroup = F39A52F227311FDD00C8F2D3 /* Products */;
			projectDirPath = "";
			projectRoot = "";
			targets = (
				F39A52F027311FDD00C8F2D3 /* Cyber-coffe */,
			);
		};
/* End PBXProject section */

/* Begin PBXResourcesBuildPhase section */
		F39A52EF27311FDD00C8F2D3 /* Resources */ = {
			isa = PBXResourcesBuildPhase;
			buildActionMask = 2147483647;
			files = (
				F39A530127311FDE00C8F2D3 /* LaunchScreen.storyboard in Resources */,
				F39A52FE27311FDE00C8F2D3 /* Assets.xcassets in Resources */,
			);
			runOnlyForDeploymentPostprocessing = 0;
		};
/* End PBXResourcesBuildPhase section */

/* Begin PBXShellScriptBuildPhase section */
		408548C270AA9A1CBEC0CAE0 /* [CP] Embed Pods Frameworks */ = {
			isa = PBXShellScriptBuildPhase;
			buildActionMask = 2147483647;
			files = (
			);
			inputFileListPaths = (
				"${PODS_ROOT}/Target Support Files/Pods-Cyber-coffe/Pods-Cyber-coffe-frameworks-${CONFIGURATION}-input-files.xcfilelist",
			);
			name = "[CP] Embed Pods Frameworks";
			outputFileListPaths = (
				"${PODS_ROOT}/Target Support Files/Pods-Cyber-coffe/Pods-Cyber-coffe-frameworks-${CONFIGURATION}-output-files.xcfilelist",
			);
			runOnlyForDeploymentPostprocessing = 0;
			shellPath = /bin/sh;
			shellScript = "\"${PODS_ROOT}/Target Support Files/Pods-Cyber-coffe/Pods-Cyber-coffe-frameworks.sh\"\n";
			showEnvVarsInLog = 0;
		};
		58E27973D85692D59BCB320A /* [CP] Check Pods Manifest.lock */ = {
			isa = PBXShellScriptBuildPhase;
			buildActionMask = 2147483647;
			files = (
			);
			inputFileListPaths = (
			);
			inputPaths = (
				"${PODS_PODFILE_DIR_PATH}/Podfile.lock",
				"${PODS_ROOT}/Manifest.lock",
			);
			name = "[CP] Check Pods Manifest.lock";
			outputFileListPaths = (
			);
			outputPaths = (
				"$(DERIVED_FILE_DIR)/Pods-Cyber-coffe-checkManifestLockResult.txt",
			);
			runOnlyForDeploymentPostprocessing = 0;
			shellPath = /bin/sh;
			shellScript = "diff \"${PODS_PODFILE_DIR_PATH}/Podfile.lock\" \"${PODS_ROOT}/Manifest.lock\" > /dev/null\nif [ $? != 0 ] ; then\n    # print error to STDERR\n    echo \"error: The sandbox is not in sync with the Podfile.lock. Run 'pod install' or update your CocoaPods installation.\" >&2\n    exit 1\nfi\n# This output is used by Xcode 'outputs' to avoid re-running this script phase.\necho \"SUCCESS\" > \"${SCRIPT_OUTPUT_FILE_0}\"\n";
			showEnvVarsInLog = 0;
		};
		F3821C5827E9E3CD006D40FC /* ShellScript */ = {
			isa = PBXShellScriptBuildPhase;
			buildActionMask = 8;
			files = (
			);
			inputFileListPaths = (
			);
			inputPaths = (
			);
			outputFileListPaths = (
			);
			outputPaths = (
			);
			runOnlyForDeploymentPostprocessing = 1;
			shellPath = /bin/sh;
			shellScript = "${PODS_ROOT}/SwiftLint/swiftlint\n";
		};
/* End PBXShellScriptBuildPhase section */

/* Begin PBXSourcesBuildPhase section */
		F39A52ED27311FDD00C8F2D3 /* Sources */ = {
			isa = PBXSourcesBuildPhase;
			buildActionMask = 2147483647;
			files = (
				F3264983275B334300836077 /* PurchaseDetailsListViewController.swift in Sources */,
				F3B7C2542806D9F600DF5C2B /* TypeTableViewCell.swift in Sources */,
				F3B7C2522806D8DA00DF5C2B /* TypeOfDonationModel.swift in Sources */,
				F39A52F927311FDD00C8F2D3 /* MainTabBarController.swift in Sources */,
				F3821C7C27EAEB04006D40FC /* SaleDetailsViewModelType.swift in Sources */,
				F371AA7B2758B0890059710A /* UIViewController+AlertLanguage.swift in Sources */,
				F3D862D7277C33C100DD43DB /* PurchaseModel.swift in Sources */,
				F3988AEF27EB2EC500215976 /* PurchaseListViewModel.swift in Sources */,
				F39A52F527311FDD00C8F2D3 /* AppDelegate.swift in Sources */,
				F3821C8027EAEB80006D40FC /* SaleListItemViewModel.swift in Sources */,
				F3821C7E27EAEB0F006D40FC /* SaleDetailsViewModel.swift in Sources */,
				F3B7C2572806DCB000DF5C2B /* TypeDetailsViewController.swift in Sources */,
				F3264985275B33C000836077 /* DeletePurchaseDetailsTableViewCell.swift in Sources */,
				F3821C7A27EAEA8B006D40FC /* SaleListViewModelType.swift in Sources */,
				F3158C4B2763443700136861 /* DatabaseManager.swift in Sources */,
				F32FDC81275C89910035767E /* UITextField+Extension.swift in Sources */,
				F32FDC7F275C862C0035767E /* UILabel+Extension.swift in Sources */,
				F316A301273901410083E830 /* SaleTableViewCell.swift in Sources */,
				F3EB27DF27F30F0700BB2D93 /* SaleGoodListItemViewModel.swift in Sources */,
				F3EAACFC27526241004B9AF6 /* LanguageViewController.swift in Sources */,
				F3EB27DB27F30ED800BB2D93 /* SaleGoodListViewModel.swift in Sources */,
				F3988ADC27EB111600215976 /* PurchaseListViewModelType.swift in Sources */,
				F3EAAD00275266EA004B9AF6 /* GoodDetailsViewController.swift in Sources */,
				F3EB27D927F30EBE00BB2D93 /* SaleGoodListViewModelType.swift in Sources */,
				F3EAACFE27526383004B9AF6 /* GoodPriceTableViewCell.swift in Sources */,
				F316A2F3273803CE0083E830 /* GoodListViewController.swift in Sources */,
				F39A5337273252A500C8F2D3 /* PurchaseListViewController.swift in Sources */,
				F3B7C24D2806D81300DF5C2B /* TypesListViewController.swift in Sources */,
				F371AA7827589CFB0059710A /* SettingsDataTableViewCell.swift in Sources */,
				F3BBB1B22748D6C000744C3B /* UIColor+Extension.swift in Sources */,
				F328BA8B2750BB2900960829 /* SettingsSwitchTableViewCell.swift in Sources */,
				F39A52F727311FDD00C8F2D3 /* SceneDelegate.swift in Sources */,
				F3988ADE27EB11EB00215976 /* PurchaseListItemViewModelType.swift in Sources */,
				F39A53352732525900C8F2D3 /* SaleListViewController.swift in Sources */,
				F328BA89274EB4DA00960829 /* SettingsStaticTableViewCell.swift in Sources */,
				F316A2FF2738FD710083E830 /* SaleDetailsViewController.swift in Sources */,
				F3988AE027EB12E100215976 /* PurchaseDetailsViewModelType.swift in Sources */,
				F31FCA3C2768789B00124366 /* SalesModel.swift in Sources */,
				F3264981275B32AA00836077 /* PurchasesTableViewCell.swift in Sources */,
				F3988AF127EB310900215976 /* PurchaseListItemViewModel.swift in Sources */,
				F3EB27DD27F30EF000BB2D93 /* SaleGoodListItemViewModelType.swift in Sources */,
				F3158C482763437200136861 /* SaleGoodModel.swift in Sources */,
				F3988AED27EB19C300215976 /* PurchaseDetailsViewModel.swift in Sources */,
				F316A2F9273805150083E830 /* SalesTableViewCell.swift in Sources */,
				F316A2FD27380A850083E830 /* UIStackView+Extension.swift in Sources */,
				F310CFA6274B70360052E481 /* UINavigationBar+Custom.swift in Sources */,
				F39A5339273252B800C8F2D3 /* SettingListViewController.swift in Sources */,
				F3DD2197277AEF76001570D3 /* GoodsPriceModel.swift in Sources */,
				F3821C8227EAEB97006D40FC /* SaleListItemViewModelType.swift in Sources */,
				F316A2FB273808100083E830 /* UIFont+Extension.swift in Sources */,
				F3821C5F27E9FC13006D40FC /* SaleListViewModel.swift in Sources */,
			);
			runOnlyForDeploymentPostprocessing = 0;
		};
/* End PBXSourcesBuildPhase section */

/* Begin PBXVariantGroup section */
		F39A52FF27311FDE00C8F2D3 /* LaunchScreen.storyboard */ = {
			isa = PBXVariantGroup;
			children = (
				F39A530027311FDE00C8F2D3 /* Base */,
			);
			name = LaunchScreen.storyboard;
			sourceTree = "<group>";
		};
/* End PBXVariantGroup section */

/* Begin XCBuildConfiguration section */
		F39A530327311FDE00C8F2D3 /* Debug */ = {
			isa = XCBuildConfiguration;
			buildSettings = {
				ALWAYS_SEARCH_USER_PATHS = NO;
				CLANG_ANALYZER_NONNULL = YES;
				CLANG_ANALYZER_NUMBER_OBJECT_CONVERSION = YES_AGGRESSIVE;
				CLANG_CXX_LANGUAGE_STANDARD = "gnu++17";
				CLANG_CXX_LIBRARY = "libc++";
				CLANG_ENABLE_MODULES = YES;
				CLANG_ENABLE_OBJC_ARC = YES;
				CLANG_ENABLE_OBJC_WEAK = YES;
				CLANG_WARN_BLOCK_CAPTURE_AUTORELEASING = YES;
				CLANG_WARN_BOOL_CONVERSION = YES;
				CLANG_WARN_COMMA = YES;
				CLANG_WARN_CONSTANT_CONVERSION = YES;
				CLANG_WARN_DEPRECATED_OBJC_IMPLEMENTATIONS = YES;
				CLANG_WARN_DIRECT_OBJC_ISA_USAGE = YES_ERROR;
				CLANG_WARN_DOCUMENTATION_COMMENTS = YES;
				CLANG_WARN_EMPTY_BODY = YES;
				CLANG_WARN_ENUM_CONVERSION = YES;
				CLANG_WARN_INFINITE_RECURSION = YES;
				CLANG_WARN_INT_CONVERSION = YES;
				CLANG_WARN_NON_LITERAL_NULL_CONVERSION = YES;
				CLANG_WARN_OBJC_IMPLICIT_RETAIN_SELF = YES;
				CLANG_WARN_OBJC_LITERAL_CONVERSION = YES;
				CLANG_WARN_OBJC_ROOT_CLASS = YES_ERROR;
				CLANG_WARN_QUOTED_INCLUDE_IN_FRAMEWORK_HEADER = YES;
				CLANG_WARN_RANGE_LOOP_ANALYSIS = YES;
				CLANG_WARN_STRICT_PROTOTYPES = YES;
				CLANG_WARN_SUSPICIOUS_MOVE = YES;
				CLANG_WARN_UNGUARDED_AVAILABILITY = YES_AGGRESSIVE;
				CLANG_WARN_UNREACHABLE_CODE = YES;
				CLANG_WARN__DUPLICATE_METHOD_MATCH = YES;
				COPY_PHASE_STRIP = NO;
				DEBUG_INFORMATION_FORMAT = dwarf;
				ENABLE_STRICT_OBJC_MSGSEND = YES;
				ENABLE_TESTABILITY = YES;
				GCC_C_LANGUAGE_STANDARD = gnu11;
				GCC_DYNAMIC_NO_PIC = NO;
				GCC_NO_COMMON_BLOCKS = YES;
				GCC_OPTIMIZATION_LEVEL = 0;
				GCC_PREPROCESSOR_DEFINITIONS = (
					"DEBUG=1",
					"$(inherited)",
				);
				GCC_WARN_64_TO_32_BIT_CONVERSION = YES;
				GCC_WARN_ABOUT_RETURN_TYPE = YES_ERROR;
				GCC_WARN_UNDECLARED_SELECTOR = YES;
				GCC_WARN_UNINITIALIZED_AUTOS = YES_AGGRESSIVE;
				GCC_WARN_UNUSED_FUNCTION = YES;
				GCC_WARN_UNUSED_VARIABLE = YES;
				IPHONEOS_DEPLOYMENT_TARGET = 13.5;
				MTL_ENABLE_DEBUG_INFO = INCLUDE_SOURCE;
				MTL_FAST_MATH = YES;
				ONLY_ACTIVE_ARCH = YES;
				SDKROOT = iphoneos;
				SWIFT_ACTIVE_COMPILATION_CONDITIONS = DEBUG;
				SWIFT_OPTIMIZATION_LEVEL = "-Onone";
			};
			name = Debug;
		};
		F39A530427311FDE00C8F2D3 /* Release */ = {
			isa = XCBuildConfiguration;
			buildSettings = {
				ALWAYS_SEARCH_USER_PATHS = NO;
				CLANG_ANALYZER_NONNULL = YES;
				CLANG_ANALYZER_NUMBER_OBJECT_CONVERSION = YES_AGGRESSIVE;
				CLANG_CXX_LANGUAGE_STANDARD = "gnu++17";
				CLANG_CXX_LIBRARY = "libc++";
				CLANG_ENABLE_MODULES = YES;
				CLANG_ENABLE_OBJC_ARC = YES;
				CLANG_ENABLE_OBJC_WEAK = YES;
				CLANG_WARN_BLOCK_CAPTURE_AUTORELEASING = YES;
				CLANG_WARN_BOOL_CONVERSION = YES;
				CLANG_WARN_COMMA = YES;
				CLANG_WARN_CONSTANT_CONVERSION = YES;
				CLANG_WARN_DEPRECATED_OBJC_IMPLEMENTATIONS = YES;
				CLANG_WARN_DIRECT_OBJC_ISA_USAGE = YES_ERROR;
				CLANG_WARN_DOCUMENTATION_COMMENTS = YES;
				CLANG_WARN_EMPTY_BODY = YES;
				CLANG_WARN_ENUM_CONVERSION = YES;
				CLANG_WARN_INFINITE_RECURSION = YES;
				CLANG_WARN_INT_CONVERSION = YES;
				CLANG_WARN_NON_LITERAL_NULL_CONVERSION = YES;
				CLANG_WARN_OBJC_IMPLICIT_RETAIN_SELF = YES;
				CLANG_WARN_OBJC_LITERAL_CONVERSION = YES;
				CLANG_WARN_OBJC_ROOT_CLASS = YES_ERROR;
				CLANG_WARN_QUOTED_INCLUDE_IN_FRAMEWORK_HEADER = YES;
				CLANG_WARN_RANGE_LOOP_ANALYSIS = YES;
				CLANG_WARN_STRICT_PROTOTYPES = YES;
				CLANG_WARN_SUSPICIOUS_MOVE = YES;
				CLANG_WARN_UNGUARDED_AVAILABILITY = YES_AGGRESSIVE;
				CLANG_WARN_UNREACHABLE_CODE = YES;
				CLANG_WARN__DUPLICATE_METHOD_MATCH = YES;
				COPY_PHASE_STRIP = NO;
				DEBUG_INFORMATION_FORMAT = "dwarf-with-dsym";
				ENABLE_NS_ASSERTIONS = NO;
				ENABLE_STRICT_OBJC_MSGSEND = YES;
				GCC_C_LANGUAGE_STANDARD = gnu11;
				GCC_NO_COMMON_BLOCKS = YES;
				GCC_WARN_64_TO_32_BIT_CONVERSION = YES;
				GCC_WARN_ABOUT_RETURN_TYPE = YES_ERROR;
				GCC_WARN_UNDECLARED_SELECTOR = YES;
				GCC_WARN_UNINITIALIZED_AUTOS = YES_AGGRESSIVE;
				GCC_WARN_UNUSED_FUNCTION = YES;
				GCC_WARN_UNUSED_VARIABLE = YES;
				IPHONEOS_DEPLOYMENT_TARGET = 13.5;
				MTL_ENABLE_DEBUG_INFO = NO;
				MTL_FAST_MATH = YES;
				SDKROOT = iphoneos;
				SWIFT_COMPILATION_MODE = wholemodule;
				SWIFT_OPTIMIZATION_LEVEL = "-O";
				VALIDATE_PRODUCT = YES;
			};
			name = Release;
		};
		F39A530627311FDE00C8F2D3 /* Debug */ = {
			isa = XCBuildConfiguration;
			baseConfigurationReference = A281B8E98C5C8A3B0D27296F /* Pods-Cyber-coffe.debug.xcconfig */;
			buildSettings = {
				ASSETCATALOG_COMPILER_APPICON_NAME = AppIcon;
				ASSETCATALOG_COMPILER_GLOBAL_ACCENT_COLOR_NAME = AccentColor;
				CODE_SIGN_STYLE = Automatic;
				CURRENT_PROJECT_VERSION = 1;
				DEVELOPMENT_TEAM = Q9843C43NA;
				GENERATE_INFOPLIST_FILE = YES;
				INFOPLIST_FILE = "Cyber-coffe/Resources/Info.plist";
				INFOPLIST_KEY_UIApplicationSupportsIndirectInputEvents = YES;
				INFOPLIST_KEY_UILaunchStoryboardName = LaunchScreen;
				INFOPLIST_KEY_UISupportedInterfaceOrientations_iPad = "UIInterfaceOrientationPortrait UIInterfaceOrientationPortraitUpsideDown UIInterfaceOrientationLandscapeLeft UIInterfaceOrientationLandscapeRight";
				INFOPLIST_KEY_UISupportedInterfaceOrientations_iPhone = "UIInterfaceOrientationPortrait UIInterfaceOrientationLandscapeLeft UIInterfaceOrientationLandscapeRight";
				LD_RUNPATH_SEARCH_PATHS = (
					"$(inherited)",
					"@executable_path/Frameworks",
				);
				MARKETING_VERSION = 1.0;
				PRODUCT_BUNDLE_IDENTIFIER = "ICSOFT.Cyber-coffe";
				PRODUCT_NAME = "$(TARGET_NAME)";
				SWIFT_EMIT_LOC_STRINGS = YES;
				SWIFT_VERSION = 5.0;
				TARGETED_DEVICE_FAMILY = "1,2";
			};
			name = Debug;
		};
		F39A530727311FDE00C8F2D3 /* Release */ = {
			isa = XCBuildConfiguration;
			baseConfigurationReference = B4BABE8604895540A6637FD9 /* Pods-Cyber-coffe.release.xcconfig */;
			buildSettings = {
				ASSETCATALOG_COMPILER_APPICON_NAME = AppIcon;
				ASSETCATALOG_COMPILER_GLOBAL_ACCENT_COLOR_NAME = AccentColor;
				CODE_SIGN_STYLE = Automatic;
				CURRENT_PROJECT_VERSION = 1;
				DEVELOPMENT_TEAM = Q9843C43NA;
				GENERATE_INFOPLIST_FILE = YES;
				INFOPLIST_FILE = "Cyber-coffe/Resources/Info.plist";
				INFOPLIST_KEY_UIApplicationSupportsIndirectInputEvents = YES;
				INFOPLIST_KEY_UILaunchStoryboardName = LaunchScreen;
				INFOPLIST_KEY_UISupportedInterfaceOrientations_iPad = "UIInterfaceOrientationPortrait UIInterfaceOrientationPortraitUpsideDown UIInterfaceOrientationLandscapeLeft UIInterfaceOrientationLandscapeRight";
				INFOPLIST_KEY_UISupportedInterfaceOrientations_iPhone = "UIInterfaceOrientationPortrait UIInterfaceOrientationLandscapeLeft UIInterfaceOrientationLandscapeRight";
				LD_RUNPATH_SEARCH_PATHS = (
					"$(inherited)",
					"@executable_path/Frameworks",
				);
				MARKETING_VERSION = 1.0;
				PRODUCT_BUNDLE_IDENTIFIER = "ICSOFT.Cyber-coffe";
				PRODUCT_NAME = "$(TARGET_NAME)";
				SWIFT_EMIT_LOC_STRINGS = YES;
				SWIFT_VERSION = 5.0;
				TARGETED_DEVICE_FAMILY = "1,2";
			};
			name = Release;
		};
/* End XCBuildConfiguration section */

/* Begin XCConfigurationList section */
		F39A52EC27311FDD00C8F2D3 /* Build configuration list for PBXProject "Cyber-coffe" */ = {
			isa = XCConfigurationList;
			buildConfigurations = (
				F39A530327311FDE00C8F2D3 /* Debug */,
				F39A530427311FDE00C8F2D3 /* Release */,
			);
			defaultConfigurationIsVisible = 0;
			defaultConfigurationName = Release;
		};
		F39A530527311FDE00C8F2D3 /* Build configuration list for PBXNativeTarget "Cyber-coffe" */ = {
			isa = XCConfigurationList;
			buildConfigurations = (
				F39A530627311FDE00C8F2D3 /* Debug */,
				F39A530727311FDE00C8F2D3 /* Release */,
			);
			defaultConfigurationIsVisible = 0;
			defaultConfigurationName = Release;
		};
/* End XCConfigurationList section */
	};
	rootObject = F39A52E927311FDD00C8F2D3 /* Project object */;
}
