// !$*UTF8*$!
{
	archiveVersion = 1;
	classes = {
	};
	objectVersion = 55;
	objects = {

/* Begin PBXBuildFile section */
		F316A2F3273803CE0083E830 /* GoodsViewController.swift in Sources */ = {isa = PBXBuildFile; fileRef = F316A2F2273803CE0083E830 /* GoodsViewController.swift */; };
		F316A2F9273805150083E830 /* SalesTableViewCell.swift in Sources */ = {isa = PBXBuildFile; fileRef = F316A2F8273805150083E830 /* SalesTableViewCell.swift */; };
		F316A2FB273808100083E830 /* UIFont.swift in Sources */ = {isa = PBXBuildFile; fileRef = F316A2FA273808100083E830 /* UIFont.swift */; };
		F316A2FD27380A850083E830 /* UIStackView.swift in Sources */ = {isa = PBXBuildFile; fileRef = F316A2FC27380A850083E830 /* UIStackView.swift */; };
		F39A52F527311FDD00C8F2D3 /* AppDelegate.swift in Sources */ = {isa = PBXBuildFile; fileRef = F39A52F427311FDD00C8F2D3 /* AppDelegate.swift */; };
		F39A52F727311FDD00C8F2D3 /* SceneDelegate.swift in Sources */ = {isa = PBXBuildFile; fileRef = F39A52F627311FDD00C8F2D3 /* SceneDelegate.swift */; };
		F39A52F927311FDD00C8F2D3 /* MainTabBarController.swift in Sources */ = {isa = PBXBuildFile; fileRef = F39A52F827311FDD00C8F2D3 /* MainTabBarController.swift */; };
		F39A52FE27311FDE00C8F2D3 /* Assets.xcassets in Resources */ = {isa = PBXBuildFile; fileRef = F39A52FD27311FDE00C8F2D3 /* Assets.xcassets */; };
		F39A530127311FDE00C8F2D3 /* LaunchScreen.storyboard in Resources */ = {isa = PBXBuildFile; fileRef = F39A52FF27311FDE00C8F2D3 /* LaunchScreen.storyboard */; };
		F39A53352732525900C8F2D3 /* SalesViewController.swift in Sources */ = {isa = PBXBuildFile; fileRef = F39A53342732525900C8F2D3 /* SalesViewController.swift */; };
		F39A5337273252A500C8F2D3 /* PurchasesViewController.swift in Sources */ = {isa = PBXBuildFile; fileRef = F39A5336273252A500C8F2D3 /* PurchasesViewController.swift */; };
		F39A5339273252B800C8F2D3 /* SettingsViewController.swift in Sources */ = {isa = PBXBuildFile; fileRef = F39A5338273252B800C8F2D3 /* SettingsViewController.swift */; };
/* End PBXBuildFile section */

/* Begin PBXFileReference section */
		F316A2F2273803CE0083E830 /* GoodsViewController.swift */ = {isa = PBXFileReference; lastKnownFileType = sourcecode.swift; path = GoodsViewController.swift; sourceTree = "<group>"; };
		F316A2F8273805150083E830 /* SalesTableViewCell.swift */ = {isa = PBXFileReference; fileEncoding = 4; lastKnownFileType = sourcecode.swift; path = SalesTableViewCell.swift; sourceTree = "<group>"; };
		F316A2FA273808100083E830 /* UIFont.swift */ = {isa = PBXFileReference; fileEncoding = 4; lastKnownFileType = sourcecode.swift; path = UIFont.swift; sourceTree = "<group>"; };
		F316A2FC27380A850083E830 /* UIStackView.swift */ = {isa = PBXFileReference; fileEncoding = 4; lastKnownFileType = sourcecode.swift; path = UIStackView.swift; sourceTree = "<group>"; };
		F39A52F127311FDD00C8F2D3 /* Cyber-coffe.app */ = {isa = PBXFileReference; explicitFileType = wrapper.application; includeInIndex = 0; path = "Cyber-coffe.app"; sourceTree = BUILT_PRODUCTS_DIR; };
		F39A52F427311FDD00C8F2D3 /* AppDelegate.swift */ = {isa = PBXFileReference; lastKnownFileType = sourcecode.swift; path = AppDelegate.swift; sourceTree = "<group>"; };
		F39A52F627311FDD00C8F2D3 /* SceneDelegate.swift */ = {isa = PBXFileReference; lastKnownFileType = sourcecode.swift; path = SceneDelegate.swift; sourceTree = "<group>"; };
		F39A52F827311FDD00C8F2D3 /* MainTabBarController.swift */ = {isa = PBXFileReference; lastKnownFileType = sourcecode.swift; path = MainTabBarController.swift; sourceTree = "<group>"; };
		F39A52FD27311FDE00C8F2D3 /* Assets.xcassets */ = {isa = PBXFileReference; lastKnownFileType = folder.assetcatalog; path = Assets.xcassets; sourceTree = "<group>"; };
		F39A530027311FDE00C8F2D3 /* Base */ = {isa = PBXFileReference; lastKnownFileType = file.storyboard; name = Base; path = Base.lproj/LaunchScreen.storyboard; sourceTree = "<group>"; };
		F39A530227311FDE00C8F2D3 /* Info.plist */ = {isa = PBXFileReference; lastKnownFileType = text.plist.xml; path = Info.plist; sourceTree = "<group>"; };
		F39A53342732525900C8F2D3 /* SalesViewController.swift */ = {isa = PBXFileReference; lastKnownFileType = sourcecode.swift; path = SalesViewController.swift; sourceTree = "<group>"; };
		F39A5336273252A500C8F2D3 /* PurchasesViewController.swift */ = {isa = PBXFileReference; lastKnownFileType = sourcecode.swift; path = PurchasesViewController.swift; sourceTree = "<group>"; };
		F39A5338273252B800C8F2D3 /* SettingsViewController.swift */ = {isa = PBXFileReference; lastKnownFileType = sourcecode.swift; path = SettingsViewController.swift; sourceTree = "<group>"; };
/* End PBXFileReference section */

/* Begin PBXFrameworksBuildPhase section */
		F39A52EE27311FDD00C8F2D3 /* Frameworks */ = {
			isa = PBXFrameworksBuildPhase;
			buildActionMask = 2147483647;
			files = (
			);
			runOnlyForDeploymentPostprocessing = 0;
		};
/* End PBXFrameworksBuildPhase section */

/* Begin PBXGroup section */
		F316A2F4273804270083E830 /* Model */ = {
			isa = PBXGroup;
			children = (
				F316A2F52738047F0083E830 /* Cell */,
			);
			path = Model;
			sourceTree = "<group>";
		};
		F316A2F52738047F0083E830 /* Cell */ = {
			isa = PBXGroup;
			children = (
				F316A2F8273805150083E830 /* SalesTableViewCell.swift */,
			);
			path = Cell;
			sourceTree = "<group>";
		};
		F316A2F62738048F0083E830 /* Extensions */ = {
			isa = PBXGroup;
			children = (
				F316A2F7273804AB0083E830 /* UIKit */,
			);
			path = Extensions;
			sourceTree = "<group>";
		};
		F316A2F7273804AB0083E830 /* UIKit */ = {
			isa = PBXGroup;
			children = (
				F316A2FC27380A850083E830 /* UIStackView.swift */,
				F316A2FA273808100083E830 /* UIFont.swift */,
			);
			path = UIKit;
			sourceTree = "<group>";
		};
		F39A52E827311FDD00C8F2D3 = {
			isa = PBXGroup;
			children = (
				F39A52F327311FDD00C8F2D3 /* Cyber-coffe */,
				F39A52F227311FDD00C8F2D3 /* Products */,
			);
			sourceTree = "<group>";
		};
		F39A52F227311FDD00C8F2D3 /* Products */ = {
			isa = PBXGroup;
			children = (
				F39A52F127311FDD00C8F2D3 /* Cyber-coffe.app */,
			);
			name = Products;
			sourceTree = "<group>";
		};
		F39A52F327311FDD00C8F2D3 /* Cyber-coffe */ = {
			isa = PBXGroup;
			children = (
				F39A5331273250C300C8F2D3 /* Application */,
				F39A5332273251AE00C8F2D3 /* Controllers */,
				F316A2F4273804270083E830 /* Model */,
				F316A2F62738048F0083E830 /* Extensions */,
				F39A5333273251BF00C8F2D3 /* Resources */,
			);
			path = "Cyber-coffe";
			sourceTree = "<group>";
		};
		F39A5331273250C300C8F2D3 /* Application */ = {
			isa = PBXGroup;
			children = (
				F39A52F427311FDD00C8F2D3 /* AppDelegate.swift */,
				F39A52F627311FDD00C8F2D3 /* SceneDelegate.swift */,
			);
			path = Application;
			sourceTree = "<group>";
		};
		F39A5332273251AE00C8F2D3 /* Controllers */ = {
			isa = PBXGroup;
			children = (
				F39A52F827311FDD00C8F2D3 /* MainTabBarController.swift */,
				F39A53342732525900C8F2D3 /* SalesViewController.swift */,
				F39A5336273252A500C8F2D3 /* PurchasesViewController.swift */,
				F39A5338273252B800C8F2D3 /* SettingsViewController.swift */,
				F316A2F2273803CE0083E830 /* GoodsViewController.swift */,
			);
			path = Controllers;
			sourceTree = "<group>";
		};
		F39A5333273251BF00C8F2D3 /* Resources */ = {
			isa = PBXGroup;
			children = (
				F39A52FD27311FDE00C8F2D3 /* Assets.xcassets */,
				F39A52FF27311FDE00C8F2D3 /* LaunchScreen.storyboard */,
				F39A530227311FDE00C8F2D3 /* Info.plist */,
			);
			path = Resources;
			sourceTree = "<group>";
		};
/* End PBXGroup section */

/* Begin PBXNativeTarget section */
		F39A52F027311FDD00C8F2D3 /* Cyber-coffe */ = {
			isa = PBXNativeTarget;
			buildConfigurationList = F39A530527311FDE00C8F2D3 /* Build configuration list for PBXNativeTarget "Cyber-coffe" */;
			buildPhases = (
				F39A52ED27311FDD00C8F2D3 /* Sources */,
				F39A52EE27311FDD00C8F2D3 /* Frameworks */,
				F39A52EF27311FDD00C8F2D3 /* Resources */,
			);
			buildRules = (
			);
			dependencies = (
			);
			name = "Cyber-coffe";
			productName = "Cyber-coffe";
			productReference = F39A52F127311FDD00C8F2D3 /* Cyber-coffe.app */;
			productType = "com.apple.product-type.application";
		};
/* End PBXNativeTarget section */

/* Begin PBXProject section */
		F39A52E927311FDD00C8F2D3 /* Project object */ = {
			isa = PBXProject;
			attributes = {
				BuildIndependentTargetsInParallel = 1;
				LastSwiftUpdateCheck = 1310;
				LastUpgradeCheck = 1310;
				TargetAttributes = {
					F39A52F027311FDD00C8F2D3 = {
						CreatedOnToolsVersion = 13.1;
					};
				};
			};
			buildConfigurationList = F39A52EC27311FDD00C8F2D3 /* Build configuration list for PBXProject "Cyber-coffe" */;
			compatibilityVersion = "Xcode 13.0";
			developmentRegion = en;
			hasScannedForEncodings = 0;
			knownRegions = (
				en,
				Base,
			);
			mainGroup = F39A52E827311FDD00C8F2D3;
			productRefGroup = F39A52F227311FDD00C8F2D3 /* Products */;
			projectDirPath = "";
			projectRoot = "";
			targets = (
				F39A52F027311FDD00C8F2D3 /* Cyber-coffe */,
			);
		};
/* End PBXProject section */

/* Begin PBXResourcesBuildPhase section */
		F39A52EF27311FDD00C8F2D3 /* Resources */ = {
			isa = PBXResourcesBuildPhase;
			buildActionMask = 2147483647;
			files = (
				F39A530127311FDE00C8F2D3 /* LaunchScreen.storyboard in Resources */,
				F39A52FE27311FDE00C8F2D3 /* Assets.xcassets in Resources */,
			);
			runOnlyForDeploymentPostprocessing = 0;
		};
/* End PBXResourcesBuildPhase section */

/* Begin PBXSourcesBuildPhase section */
		F39A52ED27311FDD00C8F2D3 /* Sources */ = {
			isa = PBXSourcesBuildPhase;
			buildActionMask = 2147483647;
			files = (
				F39A52F927311FDD00C8F2D3 /* MainTabBarController.swift in Sources */,
				F39A52F527311FDD00C8F2D3 /* AppDelegate.swift in Sources */,
				F316A2F3273803CE0083E830 /* GoodsViewController.swift in Sources */,
				F39A5337273252A500C8F2D3 /* PurchasesViewController.swift in Sources */,
				F39A52F727311FDD00C8F2D3 /* SceneDelegate.swift in Sources */,
				F39A53352732525900C8F2D3 /* SalesViewController.swift in Sources */,
				F316A2F9273805150083E830 /* SalesTableViewCell.swift in Sources */,
				F316A2FD27380A850083E830 /* UIStackView.swift in Sources */,
				F39A5339273252B800C8F2D3 /* SettingsViewController.swift in Sources */,
				F316A2FB273808100083E830 /* UIFont.swift in Sources */,
			);
			runOnlyForDeploymentPostprocessing = 0;
		};
/* End PBXSourcesBuildPhase section */

/* Begin PBXVariantGroup section */
		F39A52FF27311FDE00C8F2D3 /* LaunchScreen.storyboard */ = {
			isa = PBXVariantGroup;
			children = (
				F39A530027311FDE00C8F2D3 /* Base */,
			);
			name = LaunchScreen.storyboard;
			sourceTree = "<group>";
		};
/* End PBXVariantGroup section */

/* Begin XCBuildConfiguration section */
		F39A530327311FDE00C8F2D3 /* Debug */ = {
			isa = XCBuildConfiguration;
			buildSettings = {
				ALWAYS_SEARCH_USER_PATHS = NO;
				CLANG_ANALYZER_NONNULL = YES;
				CLANG_ANALYZER_NUMBER_OBJECT_CONVERSION = YES_AGGRESSIVE;
				CLANG_CXX_LANGUAGE_STANDARD = "gnu++17";
				CLANG_CXX_LIBRARY = "libc++";
				CLANG_ENABLE_MODULES = YES;
				CLANG_ENABLE_OBJC_ARC = YES;
				CLANG_ENABLE_OBJC_WEAK = YES;
				CLANG_WARN_BLOCK_CAPTURE_AUTORELEASING = YES;
				CLANG_WARN_BOOL_CONVERSION = YES;
				CLANG_WARN_COMMA = YES;
				CLANG_WARN_CONSTANT_CONVERSION = YES;
				CLANG_WARN_DEPRECATED_OBJC_IMPLEMENTATIONS = YES;
				CLANG_WARN_DIRECT_OBJC_ISA_USAGE = YES_ERROR;
				CLANG_WARN_DOCUMENTATION_COMMENTS = YES;
				CLANG_WARN_EMPTY_BODY = YES;
				CLANG_WARN_ENUM_CONVERSION = YES;
				CLANG_WARN_INFINITE_RECURSION = YES;
				CLANG_WARN_INT_CONVERSION = YES;
				CLANG_WARN_NON_LITERAL_NULL_CONVERSION = YES;
				CLANG_WARN_OBJC_IMPLICIT_RETAIN_SELF = YES;
				CLANG_WARN_OBJC_LITERAL_CONVERSION = YES;
				CLANG_WARN_OBJC_ROOT_CLASS = YES_ERROR;
				CLANG_WARN_QUOTED_INCLUDE_IN_FRAMEWORK_HEADER = YES;
				CLANG_WARN_RANGE_LOOP_ANALYSIS = YES;
				CLANG_WARN_STRICT_PROTOTYPES = YES;
				CLANG_WARN_SUSPICIOUS_MOVE = YES;
				CLANG_WARN_UNGUARDED_AVAILABILITY = YES_AGGRESSIVE;
				CLANG_WARN_UNREACHABLE_CODE = YES;
				CLANG_WARN__DUPLICATE_METHOD_MATCH = YES;
				COPY_PHASE_STRIP = NO;
				DEBUG_INFORMATION_FORMAT = dwarf;
				ENABLE_STRICT_OBJC_MSGSEND = YES;
				ENABLE_TESTABILITY = YES;
				GCC_C_LANGUAGE_STANDARD = gnu11;
				GCC_DYNAMIC_NO_PIC = NO;
				GCC_NO_COMMON_BLOCKS = YES;
				GCC_OPTIMIZATION_LEVEL = 0;
				GCC_PREPROCESSOR_DEFINITIONS = (
					"DEBUG=1",
					"$(inherited)",
				);
				GCC_WARN_64_TO_32_BIT_CONVERSION = YES;
				GCC_WARN_ABOUT_RETURN_TYPE = YES_ERROR;
				GCC_WARN_UNDECLARED_SELECTOR = YES;
				GCC_WARN_UNINITIALIZED_AUTOS = YES_AGGRESSIVE;
				GCC_WARN_UNUSED_FUNCTION = YES;
				GCC_WARN_UNUSED_VARIABLE = YES;
				IPHONEOS_DEPLOYMENT_TARGET = 13.5;
				MTL_ENABLE_DEBUG_INFO = INCLUDE_SOURCE;
				MTL_FAST_MATH = YES;
				ONLY_ACTIVE_ARCH = YES;
				SDKROOT = iphoneos;
				SWIFT_ACTIVE_COMPILATION_CONDITIONS = DEBUG;
				SWIFT_OPTIMIZATION_LEVEL = "-Onone";
			};
			name = Debug;
		};
		F39A530427311FDE00C8F2D3 /* Release */ = {
			isa = XCBuildConfiguration;
			buildSettings = {
				ALWAYS_SEARCH_USER_PATHS = NO;
				CLANG_ANALYZER_NONNULL = YES;
				CLANG_ANALYZER_NUMBER_OBJECT_CONVERSION = YES_AGGRESSIVE;
				CLANG_CXX_LANGUAGE_STANDARD = "gnu++17";
				CLANG_CXX_LIBRARY = "libc++";
				CLANG_ENABLE_MODULES = YES;
				CLANG_ENABLE_OBJC_ARC = YES;
				CLANG_ENABLE_OBJC_WEAK = YES;
				CLANG_WARN_BLOCK_CAPTURE_AUTORELEASING = YES;
				CLANG_WARN_BOOL_CONVERSION = YES;
				CLANG_WARN_COMMA = YES;
				CLANG_WARN_CONSTANT_CONVERSION = YES;
				CLANG_WARN_DEPRECATED_OBJC_IMPLEMENTATIONS = YES;
				CLANG_WARN_DIRECT_OBJC_ISA_USAGE = YES_ERROR;
				CLANG_WARN_DOCUMENTATION_COMMENTS = YES;
				CLANG_WARN_EMPTY_BODY = YES;
				CLANG_WARN_ENUM_CONVERSION = YES;
				CLANG_WARN_INFINITE_RECURSION = YES;
				CLANG_WARN_INT_CONVERSION = YES;
				CLANG_WARN_NON_LITERAL_NULL_CONVERSION = YES;
				CLANG_WARN_OBJC_IMPLICIT_RETAIN_SELF = YES;
				CLANG_WARN_OBJC_LITERAL_CONVERSION = YES;
				CLANG_WARN_OBJC_ROOT_CLASS = YES_ERROR;
				CLANG_WARN_QUOTED_INCLUDE_IN_FRAMEWORK_HEADER = YES;
				CLANG_WARN_RANGE_LOOP_ANALYSIS = YES;
				CLANG_WARN_STRICT_PROTOTYPES = YES;
				CLANG_WARN_SUSPICIOUS_MOVE = YES;
				CLANG_WARN_UNGUARDED_AVAILABILITY = YES_AGGRESSIVE;
				CLANG_WARN_UNREACHABLE_CODE = YES;
				CLANG_WARN__DUPLICATE_METHOD_MATCH = YES;
				COPY_PHASE_STRIP = NO;
				DEBUG_INFORMATION_FORMAT = "dwarf-with-dsym";
				ENABLE_NS_ASSERTIONS = NO;
				ENABLE_STRICT_OBJC_MSGSEND = YES;
				GCC_C_LANGUAGE_STANDARD = gnu11;
				GCC_NO_COMMON_BLOCKS = YES;
				GCC_WARN_64_TO_32_BIT_CONVERSION = YES;
				GCC_WARN_ABOUT_RETURN_TYPE = YES_ERROR;
				GCC_WARN_UNDECLARED_SELECTOR = YES;
				GCC_WARN_UNINITIALIZED_AUTOS = YES_AGGRESSIVE;
				GCC_WARN_UNUSED_FUNCTION = YES;
				GCC_WARN_UNUSED_VARIABLE = YES;
				IPHONEOS_DEPLOYMENT_TARGET = 13.5;
				MTL_ENABLE_DEBUG_INFO = NO;
				MTL_FAST_MATH = YES;
				SDKROOT = iphoneos;
				SWIFT_COMPILATION_MODE = wholemodule;
				SWIFT_OPTIMIZATION_LEVEL = "-O";
				VALIDATE_PRODUCT = YES;
			};
			name = Release;
		};
		F39A530627311FDE00C8F2D3 /* Debug */ = {
			isa = XCBuildConfiguration;
			buildSettings = {
				ASSETCATALOG_COMPILER_APPICON_NAME = AppIcon;
				ASSETCATALOG_COMPILER_GLOBAL_ACCENT_COLOR_NAME = AccentColor;
				CODE_SIGN_STYLE = Automatic;
				CURRENT_PROJECT_VERSION = 1;
				DEVELOPMENT_TEAM = Q9843C43NA;
				GENERATE_INFOPLIST_FILE = YES;
				INFOPLIST_FILE = "Cyber-coffe/Resources/Info.plist";
				INFOPLIST_KEY_UIApplicationSupportsIndirectInputEvents = YES;
				INFOPLIST_KEY_UILaunchStoryboardName = LaunchScreen;
				INFOPLIST_KEY_UISupportedInterfaceOrientations_iPad = "UIInterfaceOrientationPortrait UIInterfaceOrientationPortraitUpsideDown UIInterfaceOrientationLandscapeLeft UIInterfaceOrientationLandscapeRight";
				INFOPLIST_KEY_UISupportedInterfaceOrientations_iPhone = "UIInterfaceOrientationPortrait UIInterfaceOrientationLandscapeLeft UIInterfaceOrientationLandscapeRight";
				LD_RUNPATH_SEARCH_PATHS = (
					"$(inherited)",
					"@executable_path/Frameworks",
				);
				MARKETING_VERSION = 1.0;
				PRODUCT_BUNDLE_IDENTIFIER = "ICSOFT.Cyber-coffe";
				PRODUCT_NAME = "$(TARGET_NAME)";
				SWIFT_EMIT_LOC_STRINGS = YES;
				SWIFT_VERSION = 5.0;
				TARGETED_DEVICE_FAMILY = "1,2";
			};
			name = Debug;
		};
		F39A530727311FDE00C8F2D3 /* Release */ = {
			isa = XCBuildConfiguration;
			buildSettings = {
				ASSETCATALOG_COMPILER_APPICON_NAME = AppIcon;
				ASSETCATALOG_COMPILER_GLOBAL_ACCENT_COLOR_NAME = AccentColor;
				CODE_SIGN_STYLE = Automatic;
				CURRENT_PROJECT_VERSION = 1;
				DEVELOPMENT_TEAM = Q9843C43NA;
				GENERATE_INFOPLIST_FILE = YES;
				INFOPLIST_FILE = "Cyber-coffe/Resources/Info.plist";
				INFOPLIST_KEY_UIApplicationSupportsIndirectInputEvents = YES;
				INFOPLIST_KEY_UILaunchStoryboardName = LaunchScreen;
				INFOPLIST_KEY_UISupportedInterfaceOrientations_iPad = "UIInterfaceOrientationPortrait UIInterfaceOrientationPortraitUpsideDown UIInterfaceOrientationLandscapeLeft UIInterfaceOrientationLandscapeRight";
				INFOPLIST_KEY_UISupportedInterfaceOrientations_iPhone = "UIInterfaceOrientationPortrait UIInterfaceOrientationLandscapeLeft UIInterfaceOrientationLandscapeRight";
				LD_RUNPATH_SEARCH_PATHS = (
					"$(inherited)",
					"@executable_path/Frameworks",
				);
				MARKETING_VERSION = 1.0;
				PRODUCT_BUNDLE_IDENTIFIER = "ICSOFT.Cyber-coffe";
				PRODUCT_NAME = "$(TARGET_NAME)";
				SWIFT_EMIT_LOC_STRINGS = YES;
				SWIFT_VERSION = 5.0;
				TARGETED_DEVICE_FAMILY = "1,2";
			};
			name = Release;
		};
/* End XCBuildConfiguration section */

/* Begin XCConfigurationList section */
		F39A52EC27311FDD00C8F2D3 /* Build configuration list for PBXProject "Cyber-coffe" */ = {
			isa = XCConfigurationList;
			buildConfigurations = (
				F39A530327311FDE00C8F2D3 /* Debug */,
				F39A530427311FDE00C8F2D3 /* Release */,
			);
			defaultConfigurationIsVisible = 0;
			defaultConfigurationName = Release;
		};
		F39A530527311FDE00C8F2D3 /* Build configuration list for PBXNativeTarget "Cyber-coffe" */ = {
			isa = XCConfigurationList;
			buildConfigurations = (
				F39A530627311FDE00C8F2D3 /* Debug */,
				F39A530727311FDE00C8F2D3 /* Release */,
			);
			defaultConfigurationIsVisible = 0;
			defaultConfigurationName = Release;
		};
/* End XCConfigurationList section */
	};
	rootObject = F39A52E927311FDD00C8F2D3 /* Project object */;
}
